
Microsoft Visual Studio Solution File, Format Version 12.00
# Visual Studio Version 16
VisualStudioVersion = 25.0.1704.4
MinimumVisualStudioVersion = 10.0.40219.1
Project("{FAE04EC0-301F-11D3-BF4B-00C04F79EFBC}") = "task1", "task1\task1.csproj", "{3634C003-877F-4D8C-BEA6-609B03473973}"
EndProject
Global
	GlobalSection(SolutionConfigurationPlatforms) = preSolution
		Debug|Any CPU = Debug|Any CPU
		Release|Any CPU = Release|Any CPU
	EndGlobalSection
	GlobalSection(ProjectConfigurationPlatforms) = postSolution
		{3634C003-877F-4D8C-BEA6-609B03473973}.Debug|Any CPU.ActiveCfg = Debug|Any CPU
		{3634C003-877F-4D8C-BEA6-609B03473973}.Debug|Any CPU.Build.0 = Debug|Any CPU
		{3634C003-877F-4D8C-BEA6-609B03473973}.Release|Any CPU.ActiveCfg = Release|Any CPU
		{3634C003-877F-4D8C-BEA6-609B03473973}.Release|Any CPU.Build.0 = Release|Any CPU
	EndGlobalSection
	GlobalSection(SolutionProperties) = preSolution
		HideSolutionNode = FALSE
	EndGlobalSection
	GlobalSection(ExtensibilityGlobals) = postSolution
		SolutionGuid = {2F0E21EC-9A30-448E-8F27-D3236D636E82}
	EndGlobalSection
EndGlobal
